
Microsoft Visual Studio Solution File, Format Version 12.00
# Visual Studio Version 17
VisualStudioVersion = 17.0.31903.59
MinimumVisualStudioVersion = 10.0.40219.1
Project("{2150E333-8FDC-42A3-9474-1A3956D46DE8}") = "source", "source", "{69AA31C3-1172-43C4-B100-C2A5EF157803}"
EndProject
Project("{FAE04EC0-301F-11D3-BF4B-00C04F79EFBC}") = "Managed.Identity.Net8", "source\net8\Managed.Identity.Net8.csproj", "{494E370F-0CDA-415C-B218-6D32AF98F8C0}"
EndProject
Global
	GlobalSection(SolutionConfigurationPlatforms) = preSolution
		Debug|Any CPU = Debug|Any CPU
		Release|Any CPU = Release|Any CPU
	EndGlobalSection
	GlobalSection(SolutionProperties) = preSolution
		HideSolutionNode = FALSE
	EndGlobalSection
	GlobalSection(ProjectConfigurationPlatforms) = postSolution
		{494E370F-0CDA-415C-B218-6D32AF98F8C0}.Debug|Any CPU.ActiveCfg = Debug|Any CPU
		{494E370F-0CDA-415C-B218-6D32AF98F8C0}.Debug|Any CPU.Build.0 = Debug|Any CPU
		{494E370F-0CDA-415C-B218-6D32AF98F8C0}.Release|Any CPU.ActiveCfg = Release|Any CPU
		{494E370F-0CDA-415C-B218-6D32AF98F8C0}.Release|Any CPU.Build.0 = Release|Any CPU
	EndGlobalSection
	GlobalSection(NestedProjects) = preSolution
		{494E370F-0CDA-415C-B218-6D32AF98F8C0} = {69AA31C3-1172-43C4-B100-C2A5EF157803}
	EndGlobalSection
EndGlobal
